
Microsoft Visual Studio Solution File, Format Version 12.00
# Visual Studio Version 17
VisualStudioVersion = 17.13.35806.99 d17.13
MinimumVisualStudioVersion = 10.0.40219.1
Project("{FAE04EC0-301F-11D3-BF4B-00C04F79EFBC}") = "WebAPI", "WebAPI\WebAPI.csproj", "{885ADD1D-6026-41FE-A5E8-6558F2EC615C}"
EndProject
Global
	GlobalSection(SolutionConfigurationPlatforms) = preSolution
		Debug|Any CPU = Debug|Any CPU
		Release|Any CPU = Release|Any CPU
	EndGlobalSection
	GlobalSection(ProjectConfigurationPlatforms) = postSolution
		{885ADD1D-6026-41FE-A5E8-6558F2EC615C}.Debug|Any CPU.ActiveCfg = Debug|Any CPU
		{885ADD1D-6026-41FE-A5E8-6558F2EC615C}.Debug|Any CPU.Build.0 = Debug|Any CPU
		{885ADD1D-6026-41FE-A5E8-6558F2EC615C}.Release|Any CPU.ActiveCfg = Release|Any CPU
		{885ADD1D-6026-41FE-A5E8-6558F2EC615C}.Release|Any CPU.Build.0 = Release|Any CPU
	EndGlobalSection
	GlobalSection(SolutionProperties) = preSolution
		HideSolutionNode = FALSE
	EndGlobalSection
	GlobalSection(ExtensibilityGlobals) = postSolution
		SolutionGuid = {5A532553-F559-4B7B-9406-ADE654E9C76F}
	EndGlobalSection
EndGlobal
